
Microsoft Visual Studio Solution File, Format Version 12.00
# Visual Studio Version 17
VisualStudioVersion = 17.1.32407.343
MinimumVisualStudioVersion = 10.0.40219.1
Project("{FAE04EC0-301F-11D3-BF4B-00C04F79EFBC}") = "Practica02", "Practica02\Practica02.csproj", "{B9F79BDE-510B-4F24-886F-F57A96DA592F}"
EndProject
Global
	GlobalSection(SolutionConfigurationPlatforms) = preSolution
		Debug|Any CPU = Debug|Any CPU
		Release|Any CPU = Release|Any CPU
	EndGlobalSection
	GlobalSection(ProjectConfigurationPlatforms) = postSolution
		{B9F79BDE-510B-4F24-886F-F57A96DA592F}.Debug|Any CPU.ActiveCfg = Debug|Any CPU
		{B9F79BDE-510B-4F24-886F-F57A96DA592F}.Debug|Any CPU.Build.0 = Debug|Any CPU
		{B9F79BDE-510B-4F24-886F-F57A96DA592F}.Release|Any CPU.ActiveCfg = Release|Any CPU
		{B9F79BDE-510B-4F24-886F-F57A96DA592F}.Release|Any CPU.Build.0 = Release|Any CPU
	EndGlobalSection
	GlobalSection(SolutionProperties) = preSolution
		HideSolutionNode = FALSE
	EndGlobalSection
	GlobalSection(ExtensibilityGlobals) = postSolution
		SolutionGuid = {F1F2BA08-3DB7-4E3E-A354-07CF9A36D774}
	EndGlobalSection
EndGlobal
